// !$*UTF8*$!
{
	archiveVersion = 1;
	classes = {
	};
	objectVersion = 48;
	objects = {

/* Begin PBXBuildFile section */
		9B7499C820599FC50089359D /* AppDelegate.swift in Sources */ = {isa = PBXBuildFile; fileRef = 9B7499C720599FC50089359D /* AppDelegate.swift */; };
		9B7499CA20599FC50089359D /* ViewController.swift in Sources */ = {isa = PBXBuildFile; fileRef = 9B7499C920599FC50089359D /* ViewController.swift */; };
		9B7499CC20599FC50089359D /* Assets.xcassets in Resources */ = {isa = PBXBuildFile; fileRef = 9B7499CB20599FC50089359D /* Assets.xcassets */; };
		9B7499CF20599FC50089359D /* Main.storyboard in Resources */ = {isa = PBXBuildFile; fileRef = 9B7499CD20599FC50089359D /* Main.storyboard */; };
		9B7499E22059C7940089359D /* DraggableLabel.swift in Sources */ = {isa = PBXBuildFile; fileRef = 9B7499E12059C7940089359D /* DraggableLabel.swift */; };
		9B7499E42059D1490089359D /* DroppableLabel.swift in Sources */ = {isa = PBXBuildFile; fileRef = 9B7499E32059D1490089359D /* DroppableLabel.swift */; };
/* End PBXBuildFile section */

/* Begin PBXFileReference section */
		9B7499C420599FC50089359D /* drag-drop-example.app */ = {isa = PBXFileReference; explicitFileType = wrapper.application; includeInIndex = 0; path = "drag-drop-example.app"; sourceTree = BUILT_PRODUCTS_DIR; };
		9B7499C720599FC50089359D /* AppDelegate.swift */ = {isa = PBXFileReference; lastKnownFileType = sourcecode.swift; path = AppDelegate.swift; sourceTree = "<group>"; };
		9B7499C920599FC50089359D /* ViewController.swift */ = {isa = PBXFileReference; lastKnownFileType = sourcecode.swift; path = ViewController.swift; sourceTree = "<group>"; };
		9B7499CB20599FC50089359D /* Assets.xcassets */ = {isa = PBXFileReference; lastKnownFileType = folder.assetcatalog; path = Assets.xcassets; sourceTree = "<group>"; };
		9B7499CE20599FC50089359D /* Base */ = {isa = PBXFileReference; lastKnownFileType = file.storyboard; name = Base; path = Base.lproj/Main.storyboard; sourceTree = "<group>"; };
		9B7499D020599FC50089359D /* Info.plist */ = {isa = PBXFileReference; lastKnownFileType = text.plist.xml; path = Info.plist; sourceTree = "<group>"; };
		9B7499D120599FC50089359D /* drag_drop_example.entitlements */ = {isa = PBXFileReference; lastKnownFileType = text.plist.entitlements; path = drag_drop_example.entitlements; sourceTree = "<group>"; };
		9B7499E12059C7940089359D /* DraggableLabel.swift */ = {isa = PBXFileReference; lastKnownFileType = sourcecode.swift; path = DraggableLabel.swift; sourceTree = "<group>"; };
		9B7499E32059D1490089359D /* DroppableLabel.swift */ = {isa = PBXFileReference; lastKnownFileType = sourcecode.swift; path = DroppableLabel.swift; sourceTree = "<group>"; };
/* End PBXFileReference section */

/* Begin PBXFrameworksBuildPhase section */
		9B7499C120599FC50089359D /* Frameworks */ = {
			isa = PBXFrameworksBuildPhase;
			buildActionMask = 2147483647;
			files = (
			);
			runOnlyForDeploymentPostprocessing = 0;
		};
/* End PBXFrameworksBuildPhase section */

/* Begin PBXGroup section */
		9B7499BB20599FC50089359D = {
			isa = PBXGroup;
			children = (
				9B7499C620599FC50089359D /* drag-drop-example */,
				9B7499C520599FC50089359D /* Products */,
			);
			sourceTree = "<group>";
		};
		9B7499C520599FC50089359D /* Products */ = {
			isa = PBXGroup;
			children = (
				9B7499C420599FC50089359D /* drag-drop-example.app */,
			);
			name = Products;
			sourceTree = "<group>";
		};
		9B7499C620599FC50089359D /* drag-drop-example */ = {
			isa = PBXGroup;
			children = (
				9B7499C720599FC50089359D /* AppDelegate.swift */,
				9B7499C920599FC50089359D /* ViewController.swift */,
				9B7499E12059C7940089359D /* DraggableLabel.swift */,
				9B7499E32059D1490089359D /* DroppableLabel.swift */,
				9B7499CB20599FC50089359D /* Assets.xcassets */,
				9B7499CD20599FC50089359D /* Main.storyboard */,
				9B7499D020599FC50089359D /* Info.plist */,
				9B7499D120599FC50089359D /* drag_drop_example.entitlements */,
			);
			path = "drag-drop-example";
			sourceTree = "<group>";
		};
/* End PBXGroup section */

/* Begin PBXNativeTarget section */
		9B7499C320599FC50089359D /* drag-drop-example */ = {
			isa = PBXNativeTarget;
			buildConfigurationList = 9B7499D420599FC50089359D /* Build configuration list for PBXNativeTarget "drag-drop-example" */;
			buildPhases = (
				9B7499C020599FC50089359D /* Sources */,
				9B7499C120599FC50089359D /* Frameworks */,
				9B7499C220599FC50089359D /* Resources */,
			);
			buildRules = (
			);
			dependencies = (
			);
			name = "drag-drop-example";
			productName = "drag-drop-example";
			productReference = 9B7499C420599FC50089359D /* drag-drop-example.app */;
			productType = "com.apple.product-type.application";
		};
/* End PBXNativeTarget section */

/* Begin PBXProject section */
		9B7499BC20599FC50089359D /* Project object */ = {
			isa = PBXProject;
			attributes = {
				LastSwiftUpdateCheck = 0920;
				LastUpgradeCheck = 0920;
				ORGANIZATIONNAME = "Lee Barney";
				TargetAttributes = {
					9B7499C320599FC50089359D = {
						CreatedOnToolsVersion = 9.2;
						LastSwiftMigration = 0920;
						ProvisioningStyle = Automatic;
					};
				};
			};
			buildConfigurationList = 9B7499BF20599FC50089359D /* Build configuration list for PBXProject "drag-drop-example" */;
			compatibilityVersion = "Xcode 8.0";
			developmentRegion = en;
			hasScannedForEncodings = 0;
			knownRegions = (
				en,
				Base,
			);
			mainGroup = 9B7499BB20599FC50089359D;
			productRefGroup = 9B7499C520599FC50089359D /* Products */;
			projectDirPath = "";
			projectRoot = "";
			targets = (
				9B7499C320599FC50089359D /* drag-drop-example */,
			);
		};
/* End PBXProject section */

/* Begin PBXResourcesBuildPhase section */
		9B7499C220599FC50089359D /* Resources */ = {
			isa = PBXResourcesBuildPhase;
			buildActionMask = 2147483647;
			files = (
				9B7499CC20599FC50089359D /* Assets.xcassets in Resources */,
				9B7499CF20599FC50089359D /* Main.storyboard in Resources */,
			);
			runOnlyForDeploymentPostprocessing = 0;
		};
/* End PBXResourcesBuildPhase section */

/* Begin PBXSourcesBuildPhase section */
		9B7499C020599FC50089359D /* Sources */ = {
			isa = PBXSourcesBuildPhase;
			buildActionMask = 2147483647;
			files = (
				9B7499CA20599FC50089359D /* ViewController.swift in Sources */,
				9B7499E22059C7940089359D /* DraggableLabel.swift in Sources */,
				9B7499E42059D1490089359D /* DroppableLabel.swift in Sources */,
				9B7499C820599FC50089359D /* AppDelegate.swift in Sources */,
			);
			runOnlyForDeploymentPostprocessing = 0;
		};
/* End PBXSourcesBuildPhase section */

/* Begin PBXVariantGroup section */
		9B7499CD20599FC50089359D /* Main.storyboard */ = {
			isa = PBXVariantGroup;
			children = (
				9B7499CE20599FC50089359D /* Base */,
			);
			name = Main.storyboard;
			sourceTree = "<group>";
		};
/* End PBXVariantGroup section */

/* Begin XCBuildConfiguration section */
		9B7499D220599FC50089359D /* Debug */ = {
			isa = XCBuildConfiguration;
			buildSettings = {
				ALWAYS_SEARCH_USER_PATHS = NO;
				CLANG_ANALYZER_NONNULL = YES;
				CLANG_ANALYZER_NUMBER_OBJECT_CONVERSION = YES_AGGRESSIVE;
				CLANG_CXX_LANGUAGE_STANDARD = "gnu++14";
				CLANG_CXX_LIBRARY = "libc++";
				CLANG_ENABLE_MODULES = YES;
				CLANG_ENABLE_OBJC_ARC = YES;
				CLANG_WARN_BLOCK_CAPTURE_AUTORELEASING = YES;
				CLANG_WARN_BOOL_CONVERSION = YES;
				CLANG_WARN_COMMA = YES;
				CLANG_WARN_CONSTANT_CONVERSION = YES;
				CLANG_WARN_DIRECT_OBJC_ISA_USAGE = YES_ERROR;
				CLANG_WARN_DOCUMENTATION_COMMENTS = YES;
				CLANG_WARN_EMPTY_BODY = YES;
				CLANG_WARN_ENUM_CONVERSION = YES;
				CLANG_WARN_INFINITE_RECURSION = YES;
				CLANG_WARN_INT_CONVERSION = YES;
				CLANG_WARN_NON_LITERAL_NULL_CONVERSION = YES;
				CLANG_WARN_OBJC_LITERAL_CONVERSION = YES;
				CLANG_WARN_OBJC_ROOT_CLASS = YES_ERROR;
				CLANG_WARN_RANGE_LOOP_ANALYSIS = YES;
				CLANG_WARN_STRICT_PROTOTYPES = YES;
				CLANG_WARN_SUSPICIOUS_MOVE = YES;
				CLANG_WARN_UNGUARDED_AVAILABILITY = YES_AGGRESSIVE;
				CLANG_WARN_UNREACHABLE_CODE = YES;
				CLANG_WARN__DUPLICATE_METHOD_MATCH = YES;
				CODE_SIGN_IDENTITY = "Mac Developer";
				COPY_PHASE_STRIP = NO;
				DEBUG_INFORMATION_FORMAT = dwarf;
				ENABLE_STRICT_OBJC_MSGSEND = YES;
				ENABLE_TESTABILITY = YES;
				GCC_C_LANGUAGE_STANDARD = gnu11;
				GCC_DYNAMIC_NO_PIC = NO;
				GCC_NO_COMMON_BLOCKS = YES;
				GCC_OPTIMIZATION_LEVEL = 0;
				GCC_PREPROCESSOR_DEFINITIONS = (
					"DEBUG=1",
					"$(inherited)",
				);
				GCC_WARN_64_TO_32_BIT_CONVERSION = YES;
				GCC_WARN_ABOUT_RETURN_TYPE = YES_ERROR;
				GCC_WARN_UNDECLARED_SELECTOR = YES;
				GCC_WARN_UNINITIALIZED_AUTOS = YES_AGGRESSIVE;
				GCC_WARN_UNUSED_FUNCTION = YES;
				GCC_WARN_UNUSED_VARIABLE = YES;
				MACOSX_DEPLOYMENT_TARGET = 10.13;
				MTL_ENABLE_DEBUG_INFO = YES;
				ONLY_ACTIVE_ARCH = YES;
				SDKROOT = macosx;
				SWIFT_ACTIVE_COMPILATION_CONDITIONS = DEBUG;
				SWIFT_OPTIMIZATION_LEVEL = "-Onone";
			};
			name = Debug;
		};
		9B7499D320599FC50089359D /* Release */ = {
			isa = XCBuildConfiguration;
			buildSettings = {
				ALWAYS_SEARCH_USER_PATHS = NO;
				CLANG_ANALYZER_NONNULL = YES;
				CLANG_ANALYZER_NUMBER_OBJECT_CONVERSION = YES_AGGRESSIVE;
				CLANG_CXX_LANGUAGE_STANDARD = "gnu++14";
				CLANG_CXX_LIBRARY = "libc++";
				CLANG_ENABLE_MODULES = YES;
				CLANG_ENABLE_OBJC_ARC = YES;
				CLANG_WARN_BLOCK_CAPTURE_AUTORELEASING = YES;
				CLANG_WARN_BOOL_CONVERSION = YES;
				CLANG_WARN_COMMA = YES;
				CLANG_WARN_CONSTANT_CONVERSION = YES;
				CLANG_WARN_DIRECT_OBJC_ISA_USAGE = YES_ERROR;
				CLANG_WARN_DOCUMENTATION_COMMENTS = YES;
				CLANG_WARN_EMPTY_BODY = YES;
				CLANG_WARN_ENUM_CONVERSION = YES;
				CLANG_WARN_INFINITE_RECURSION = YES;
				CLANG_WARN_INT_CONVERSION = YES;
				CLANG_WARN_NON_LITERAL_NULL_CONVERSION = YES;
				CLANG_WARN_OBJC_LITERAL_CONVERSION = YES;
				CLANG_WARN_OBJC_ROOT_CLASS = YES_ERROR;
				CLANG_WARN_RANGE_LOOP_ANALYSIS = YES;
				CLANG_WARN_STRICT_PROTOTYPES = YES;
				CLANG_WARN_SUSPICIOUS_MOVE = YES;
				CLANG_WARN_UNGUARDED_AVAILABILITY = YES_AGGRESSIVE;
				CLANG_WARN_UNREACHABLE_CODE = YES;
				CLANG_WARN__DUPLICATE_METHOD_MATCH = YES;
				CODE_SIGN_IDENTITY = "Mac Developer";
				COPY_PHASE_STRIP = NO;
				DEBUG_INFORMATION_FORMAT = "dwarf-with-dsym";
				ENABLE_NS_ASSERTIONS = NO;
				ENABLE_STRICT_OBJC_MSGSEND = YES;
				GCC_C_LANGUAGE_STANDARD = gnu11;
				GCC_NO_COMMON_BLOCKS = YES;
				GCC_WARN_64_TO_32_BIT_CONVERSION = YES;
				GCC_WARN_ABOUT_RETURN_TYPE = YES_ERROR;
				GCC_WARN_UNDECLARED_SELECTOR = YES;
				GCC_WARN_UNINITIALIZED_AUTOS = YES_AGGRESSIVE;
				GCC_WARN_UNUSED_FUNCTION = YES;
				GCC_WARN_UNUSED_VARIABLE = YES;
				MACOSX_DEPLOYMENT_TARGET = 10.13;
				MTL_ENABLE_DEBUG_INFO = NO;
				SDKROOT = macosx;
				SWIFT_OPTIMIZATION_LEVEL = "-Owholemodule";
			};
			name = Release;
		};
		9B7499D520599FC50089359D /* Debug */ = {
			isa = XCBuildConfiguration;
			buildSettings = {
				ASSETCATALOG_COMPILER_APPICON_NAME = AppIcon;
				CLANG_ENABLE_MODULES = YES;
				CODE_SIGN_ENTITLEMENTS = "drag-drop-example/drag_drop_example.entitlements";
				CODE_SIGN_STYLE = Automatic;
				COMBINE_HIDPI_IMAGES = YES;
				DEVELOPMENT_TEAM = 4PP6CF7YNT;
				INFOPLIST_FILE = "drag-drop-example/Info.plist";
				LD_RUNPATH_SEARCH_PATHS = "$(inherited) @executable_path/../Frameworks";
				PRODUCT_BUNDLE_IDENTIFIER = "org.barney.lee.drag-drop-example";
				PRODUCT_NAME = "$(TARGET_NAME)";
				SWIFT_INSTALL_OBJC_HEADER = NO;
				SWIFT_OBJC_BRIDGING_HEADER = "";
				SWIFT_OPTIMIZATION_LEVEL = "-Onone";
				SWIFT_PRECOMPILE_BRIDGING_HEADER = NO;
				SWIFT_VERSION = 4.0;
			};
			name = Debug;
		};
		9B7499D620599FC50089359D /* Release */ = {
			isa = XCBuildConfiguration;
			buildSettings = {
				ASSETCATALOG_COMPILER_APPICON_NAME = AppIcon;
				CLANG_ENABLE_MODULES = YES;
				CODE_SIGN_ENTITLEMENTS = "drag-drop-example/drag_drop_example.entitlements";
				CODE_SIGN_STYLE = Automatic;
				COMBINE_HIDPI_IMAGES = YES;
				DEVELOPMENT_TEAM = 4PP6CF7YNT;
				INFOPLIST_FILE = "drag-drop-example/Info.plist";
				LD_RUNPATH_SEARCH_PATHS = "$(inherited) @executable_path/../Frameworks";
				PRODUCT_BUNDLE_IDENTIFIER = "org.barney.lee.drag-drop-example";
				PRODUCT_NAME = "$(TARGET_NAME)";
				SWIFT_INSTALL_OBJC_HEADER = NO;
				SWIFT_OBJC_BRIDGING_HEADER = "";
				SWIFT_PRECOMPILE_BRIDGING_HEADER = NO;
				SWIFT_VERSION = 4.0;
			};
			name = Release;
		};
/* End XCBuildConfiguration section */

/* Begin XCConfigurationList section */
		9B7499BF20599FC50089359D /* Build configuration list for PBXProject "drag-drop-example" */ = {
			isa = XCConfigurationList;
			buildConfigurations = (
				9B7499D220599FC50089359D /* Debug */,
				9B7499D320599FC50089359D /* Release */,
			);
			defaultConfigurationIsVisible = 0;
			defaultConfigurationName = Release;
		};
		9B7499D420599FC50089359D /* Build configuration list for PBXNativeTarget "drag-drop-example" */ = {
			isa = XCConfigurationList;
			buildConfigurations = (
				9B7499D520599FC50089359D /* Debug */,
				9B7499D620599FC50089359D /* Release */,
			);
			defaultConfigurationIsVisible = 0;
			defaultConfigurationName = Release;
		};
/* End XCConfigurationList section */
	};
	rootObject = 9B7499BC20599FC50089359D /* Project object */;
}
